
Microsoft Visual Studio Solution File, Format Version 12.00
# Visual Studio Version 16
VisualStudioVersion = 16.0.31515.178
MinimumVisualStudioVersion = 10.0.40219.1
Project("{9A19103F-16F7-4668-BE54-9A1E7A4F7556}") = "NoteProject", "NoteProject\NoteProject.csproj", "{37FDD9D5-88BE-4EBC-918C-5306AF63FB9E}"
EndProject
Project("{2150E333-8FDC-42A3-9474-1A3956D46DE8}") = "Src", "Src", "{130BA927-342E-47A2-9BC3-636F4776ED15}"
EndProject
Project("{2150E333-8FDC-42A3-9474-1A3956D46DE8}") = "Doc", "Doc", "{249DE262-EFDE-40DE-9793-39E6DFF18F8E}"
EndProject
Project("{2150E333-8FDC-42A3-9474-1A3956D46DE8}") = "Common", "Common", "{825B7E86-7470-4E64-AC7A-08A2312525B3}"
EndProject
Project("{2150E333-8FDC-42A3-9474-1A3956D46DE8}") = "Core", "Core", "{E948DADF-AA63-497C-9B28-627DC48FC11F}"
EndProject
Project("{2150E333-8FDC-42A3-9474-1A3956D46DE8}") = "Infrastructure", "Infrastructure", "{CD74B918-D1FE-4D80-B383-5FA2AFE529D8}"
EndProject
Project("{2150E333-8FDC-42A3-9474-1A3956D46DE8}") = "Presentation", "Presentation", "{69ECFD73-B2E8-4BAE-8565-30A2A5E900C1}"
EndProject
Project("{9A19103F-16F7-4668-BE54-9A1E7A4F7556}") = "Application", "Application\Application.csproj", "{37436D08-9931-4D67-8288-CAA824647E05}"
EndProject
Project("{9A19103F-16F7-4668-BE54-9A1E7A4F7556}") = "Domein", "Domein\Domein.csproj", "{EEBA41B7-AE45-4D04-83B9-BD3BD4BFF88D}"
EndProject
Project("{9A19103F-16F7-4668-BE54-9A1E7A4F7556}") = "Common", "Common\Common.csproj", "{2B632175-6EC8-4F41-9764-A792434208C1}"
EndProject
Project("{9A19103F-16F7-4668-BE54-9A1E7A4F7556}") = "Infrastructure", "Infrastructure\Infrastructure.csproj", "{0737F883-D1AC-4471-AC52-1BD109467698}"
EndProject
Project("{9A19103F-16F7-4668-BE54-9A1E7A4F7556}") = "Persistence", "Persistence\Persistence.csproj", "{099D9CEE-9FE9-4FD5-AAB5-E7A2596F7059}"
EndProject
Global
	GlobalSection(SolutionConfigurationPlatforms) = preSolution
		Debug|Any CPU = Debug|Any CPU
		Release|Any CPU = Release|Any CPU
	EndGlobalSection
	GlobalSection(ProjectConfigurationPlatforms) = postSolution
		{37FDD9D5-88BE-4EBC-918C-5306AF63FB9E}.Debug|Any CPU.ActiveCfg = Debug|Any CPU
		{37FDD9D5-88BE-4EBC-918C-5306AF63FB9E}.Debug|Any CPU.Build.0 = Debug|Any CPU
		{37FDD9D5-88BE-4EBC-918C-5306AF63FB9E}.Release|Any CPU.ActiveCfg = Release|Any CPU
		{37FDD9D5-88BE-4EBC-918C-5306AF63FB9E}.Release|Any CPU.Build.0 = Release|Any CPU
		{37436D08-9931-4D67-8288-CAA824647E05}.Debug|Any CPU.ActiveCfg = Debug|Any CPU
		{37436D08-9931-4D67-8288-CAA824647E05}.Debug|Any CPU.Build.0 = Debug|Any CPU
		{37436D08-9931-4D67-8288-CAA824647E05}.Release|Any CPU.ActiveCfg = Release|Any CPU
		{37436D08-9931-4D67-8288-CAA824647E05}.Release|Any CPU.Build.0 = Release|Any CPU
		{EEBA41B7-AE45-4D04-83B9-BD3BD4BFF88D}.Debug|Any CPU.ActiveCfg = Debug|Any CPU
		{EEBA41B7-AE45-4D04-83B9-BD3BD4BFF88D}.Debug|Any CPU.Build.0 = Debug|Any CPU
		{EEBA41B7-AE45-4D04-83B9-BD3BD4BFF88D}.Release|Any CPU.ActiveCfg = Release|Any CPU
		{EEBA41B7-AE45-4D04-83B9-BD3BD4BFF88D}.Release|Any CPU.Build.0 = Release|Any CPU
		{2B632175-6EC8-4F41-9764-A792434208C1}.Debug|Any CPU.ActiveCfg = Debug|Any CPU
		{2B632175-6EC8-4F41-9764-A792434208C1}.Debug|Any CPU.Build.0 = Debug|Any CPU
		{2B632175-6EC8-4F41-9764-A792434208C1}.Release|Any CPU.ActiveCfg = Release|Any CPU
		{2B632175-6EC8-4F41-9764-A792434208C1}.Release|Any CPU.Build.0 = Release|Any CPU
		{0737F883-D1AC-4471-AC52-1BD109467698}.Debug|Any CPU.ActiveCfg = Debug|Any CPU
		{0737F883-D1AC-4471-AC52-1BD109467698}.Debug|Any CPU.Build.0 = Debug|Any CPU
		{0737F883-D1AC-4471-AC52-1BD109467698}.Release|Any CPU.ActiveCfg = Release|Any CPU
		{0737F883-D1AC-4471-AC52-1BD109467698}.Release|Any CPU.Build.0 = Release|Any CPU
		{099D9CEE-9FE9-4FD5-AAB5-E7A2596F7059}.Debug|Any CPU.ActiveCfg = Debug|Any CPU
		{099D9CEE-9FE9-4FD5-AAB5-E7A2596F7059}.Debug|Any CPU.Build.0 = Debug|Any CPU
		{099D9CEE-9FE9-4FD5-AAB5-E7A2596F7059}.Release|Any CPU.ActiveCfg = Release|Any CPU
		{099D9CEE-9FE9-4FD5-AAB5-E7A2596F7059}.Release|Any CPU.Build.0 = Release|Any CPU
	EndGlobalSection
	GlobalSection(SolutionProperties) = preSolution
		HideSolutionNode = FALSE
	EndGlobalSection
	GlobalSection(NestedProjects) = preSolution
		{37FDD9D5-88BE-4EBC-918C-5306AF63FB9E} = {69ECFD73-B2E8-4BAE-8565-30A2A5E900C1}
		{825B7E86-7470-4E64-AC7A-08A2312525B3} = {130BA927-342E-47A2-9BC3-636F4776ED15}
		{E948DADF-AA63-497C-9B28-627DC48FC11F} = {130BA927-342E-47A2-9BC3-636F4776ED15}
		{CD74B918-D1FE-4D80-B383-5FA2AFE529D8} = {130BA927-342E-47A2-9BC3-636F4776ED15}
		{69ECFD73-B2E8-4BAE-8565-30A2A5E900C1} = {130BA927-342E-47A2-9BC3-636F4776ED15}
		{37436D08-9931-4D67-8288-CAA824647E05} = {E948DADF-AA63-497C-9B28-627DC48FC11F}
		{EEBA41B7-AE45-4D04-83B9-BD3BD4BFF88D} = {E948DADF-AA63-497C-9B28-627DC48FC11F}
		{2B632175-6EC8-4F41-9764-A792434208C1} = {825B7E86-7470-4E64-AC7A-08A2312525B3}
		{0737F883-D1AC-4471-AC52-1BD109467698} = {CD74B918-D1FE-4D80-B383-5FA2AFE529D8}
		{099D9CEE-9FE9-4FD5-AAB5-E7A2596F7059} = {CD74B918-D1FE-4D80-B383-5FA2AFE529D8}
	EndGlobalSection
	GlobalSection(ExtensibilityGlobals) = postSolution
		SolutionGuid = {B92E1AB3-5B81-4651-AA3A-D9091496602C}
	EndGlobalSection
EndGlobal
